
Microsoft Visual Studio Solution File, Format Version 12.00
# Visual Studio 15
VisualStudioVersion = 15.0.27130.2010
MinimumVisualStudioVersion = 10.0.40219.1
Project("{8BC9CEB8-8B4A-11D0-8D11-00A0C91BC942}") = "BookAnalyzer", "BookAnalyzer\BookAnalyzer.vcxproj", "{A20DD45B-3E73-46E9-BA2F-E31A75390BAC}"
EndProject
Global
	GlobalSection(SolutionConfigurationPlatforms) = preSolution
		Debug|x64 = Debug|x64
		Debug|x86 = Debug|x86
		Release|x64 = Release|x64
		Release|x86 = Release|x86
	EndGlobalSection
	GlobalSection(ProjectConfigurationPlatforms) = postSolution
		{A20DD45B-3E73-46E9-BA2F-E31A75390BAC}.Debug|x64.ActiveCfg = Debug|x64
		{A20DD45B-3E73-46E9-BA2F-E31A75390BAC}.Debug|x64.Build.0 = Debug|x64
		{A20DD45B-3E73-46E9-BA2F-E31A75390BAC}.Debug|x86.ActiveCfg = Debug|Win32
		{A20DD45B-3E73-46E9-BA2F-E31A75390BAC}.Debug|x86.Build.0 = Debug|Win32
		{A20DD45B-3E73-46E9-BA2F-E31A75390BAC}.Release|x64.ActiveCfg = Release|x64
		{A20DD45B-3E73-46E9-BA2F-E31A75390BAC}.Release|x64.Build.0 = Release|x64
		{A20DD45B-3E73-46E9-BA2F-E31A75390BAC}.Release|x86.ActiveCfg = Release|Win32
		{A20DD45B-3E73-46E9-BA2F-E31A75390BAC}.Release|x86.Build.0 = Release|Win32
	EndGlobalSection
	GlobalSection(SolutionProperties) = preSolution
		HideSolutionNode = FALSE
	EndGlobalSection
	GlobalSection(ExtensibilityGlobals) = postSolution
		SolutionGuid = {C25114AB-9652-4BBB-BF4F-14015CD2A0B1}
	EndGlobalSection
EndGlobal
